
Microsoft Visual Studio Solution File, Format Version 12.00
# Visual Studio Version 17
VisualStudioVersion = 17.14.36511.14 d17.14
MinimumVisualStudioVersion = 10.0.40219.1
Project("{8BC9CEB8-8B4A-11D0-8D11-00A0C91BC942}") = "ProyectoP1.0", "ProyectoP1.0\ProyectoP1.0.vcxproj", "{110025A1-FB2E-4089-88F3-DFC1C61AC78A}"
EndProject
Global
	GlobalSection(SolutionConfigurationPlatforms) = preSolution
		Debug|x64 = Debug|x64
		Debug|x86 = Debug|x86
		Release|x64 = Release|x64
		Release|x86 = Release|x86
	EndGlobalSection
	GlobalSection(ProjectConfigurationPlatforms) = postSolution
		{110025A1-FB2E-4089-88F3-DFC1C61AC78A}.Debug|x64.ActiveCfg = Debug|x64
		{110025A1-FB2E-4089-88F3-DFC1C61AC78A}.Debug|x64.Build.0 = Debug|x64
		{110025A1-FB2E-4089-88F3-DFC1C61AC78A}.Debug|x86.ActiveCfg = Debug|Win32
		{110025A1-FB2E-4089-88F3-DFC1C61AC78A}.Debug|x86.Build.0 = Debug|Win32
		{110025A1-FB2E-4089-88F3-DFC1C61AC78A}.Release|x64.ActiveCfg = Release|x64
		{110025A1-FB2E-4089-88F3-DFC1C61AC78A}.Release|x64.Build.0 = Release|x64
		{110025A1-FB2E-4089-88F3-DFC1C61AC78A}.Release|x86.ActiveCfg = Release|Win32
		{110025A1-FB2E-4089-88F3-DFC1C61AC78A}.Release|x86.Build.0 = Release|Win32
	EndGlobalSection
	GlobalSection(SolutionProperties) = preSolution
		HideSolutionNode = FALSE
	EndGlobalSection
	GlobalSection(ExtensibilityGlobals) = postSolution
		SolutionGuid = {67F0EB9A-E9D7-4FB6-A38F-E0331F6BD4FB}
	EndGlobalSection
EndGlobal
